// !$*UTF8*$!
{
	archiveVersion = 1;
	classes = {
	};
	objectVersion = 46;
	objects = {

/* Begin PBXBuildFile section */
		7E835E6B1D384A9B002A260B /* TipCalculatorViewController.swift in Sources */ = {isa = PBXBuildFile; fileRef = 7E835E6A1D384A9B002A260B /* TipCalculatorViewController.swift */; };
		7E835E6F1D3D992B002A260B /* Images.xcassets in Resources */ = {isa = PBXBuildFile; fileRef = 7E835E6E1D3D992B002A260B /* Images.xcassets */; };
		7E835E731D3DC103002A260B /* launch-1.png in Resources */ = {isa = PBXBuildFile; fileRef = 7E835E721D3DC103002A260B /* launch-1.png */; };
		7E835E761D3ECD3C002A260B /* navbar.png in Resources */ = {isa = PBXBuildFile; fileRef = 7E835E751D3ECD3C002A260B /* navbar.png */; };
		7EF8BCEE1D026D5D004D43B8 /* AppDelegate.swift in Sources */ = {isa = PBXBuildFile; fileRef = 7EF8BCED1D026D5D004D43B8 /* AppDelegate.swift */; };
		7EF8BCF31D026D5D004D43B8 /* Main.storyboard in Resources */ = {isa = PBXBuildFile; fileRef = 7EF8BCF11D026D5D004D43B8 /* Main.storyboard */; };
		7EF8BCF51D026D5D004D43B8 /* Assets.xcassets in Resources */ = {isa = PBXBuildFile; fileRef = 7EF8BCF41D026D5D004D43B8 /* Assets.xcassets */; };
		7EF8BCF81D026D5D004D43B8 /* LaunchScreen.storyboard in Resources */ = {isa = PBXBuildFile; fileRef = 7EF8BCF61D026D5D004D43B8 /* LaunchScreen.storyboard */; };
		7EF8BD001D026EF8004D43B8 /* TableViewController.swift in Sources */ = {isa = PBXBuildFile; fileRef = 7EF8BCFF1D026EF8004D43B8 /* TableViewController.swift */; };
/* End PBXBuildFile section */

/* Begin PBXFileReference section */
		7E835E6A1D384A9B002A260B /* TipCalculatorViewController.swift */ = {isa = PBXFileReference; fileEncoding = 4; lastKnownFileType = sourcecode.swift; path = TipCalculatorViewController.swift; sourceTree = "<group>"; };
		7E835E6E1D3D992B002A260B /* Images.xcassets */ = {isa = PBXFileReference; lastKnownFileType = folder.assetcatalog; path = Images.xcassets; sourceTree = "<group>"; };
		7E835E721D3DC103002A260B /* launch-1.png */ = {isa = PBXFileReference; lastKnownFileType = image.png; path = "launch-1.png"; sourceTree = "<group>"; };
		7E835E751D3ECD3C002A260B /* navbar.png */ = {isa = PBXFileReference; lastKnownFileType = image.png; path = navbar.png; sourceTree = "<group>"; };
		7EF8BCEA1D026D5D004D43B8 /* TipsC.app */ = {isa = PBXFileReference; explicitFileType = wrapper.application; includeInIndex = 0; path = TipsC.app; sourceTree = BUILT_PRODUCTS_DIR; };
		7EF8BCED1D026D5D004D43B8 /* AppDelegate.swift */ = {isa = PBXFileReference; lastKnownFileType = sourcecode.swift; path = AppDelegate.swift; sourceTree = "<group>"; };
		7EF8BCF21D026D5D004D43B8 /* Base */ = {isa = PBXFileReference; lastKnownFileType = file.storyboard; name = Base; path = Base.lproj/Main.storyboard; sourceTree = "<group>"; };
		7EF8BCF41D026D5D004D43B8 /* Assets.xcassets */ = {isa = PBXFileReference; lastKnownFileType = folder.assetcatalog; path = Assets.xcassets; sourceTree = "<group>"; };
		7EF8BCF71D026D5D004D43B8 /* Base */ = {isa = PBXFileReference; lastKnownFileType = file.storyboard; name = Base; path = Base.lproj/LaunchScreen.storyboard; sourceTree = "<group>"; };
		7EF8BCF91D026D5D004D43B8 /* Info.plist */ = {isa = PBXFileReference; lastKnownFileType = text.plist.xml; path = Info.plist; sourceTree = "<group>"; };
		7EF8BCFF1D026EF8004D43B8 /* TableViewController.swift */ = {isa = PBXFileReference; fileEncoding = 4; lastKnownFileType = sourcecode.swift; path = TableViewController.swift; sourceTree = "<group>"; };
/* End PBXFileReference section */

/* Begin PBXFrameworksBuildPhase section */
		7EF8BCE71D026D5D004D43B8 /* Frameworks */ = {
			isa = PBXFrameworksBuildPhase;
			buildActionMask = 2147483647;
			files = (
			);
			runOnlyForDeploymentPostprocessing = 0;
		};
/* End PBXFrameworksBuildPhase section */

/* Begin PBXGroup section */
		7E835E741D3DC10D002A260B /* Images */ = {
			isa = PBXGroup;
			children = (
				7E835E751D3ECD3C002A260B /* navbar.png */,
				7E835E721D3DC103002A260B /* launch-1.png */,
			);
			name = Images;
			sourceTree = "<group>";
		};
		7EF8BCE11D026D5D004D43B8 = {
			isa = PBXGroup;
			children = (
				7EF8BCEC1D026D5D004D43B8 /* hide static cells */,
				7EF8BCEB1D026D5D004D43B8 /* Products */,
			);
			sourceTree = "<group>";
		};
		7EF8BCEB1D026D5D004D43B8 /* Products */ = {
			isa = PBXGroup;
			children = (
				7EF8BCEA1D026D5D004D43B8 /* TipsC.app */,
			);
			name = Products;
			sourceTree = "<group>";
		};
		7EF8BCEC1D026D5D004D43B8 /* hide static cells */ = {
			isa = PBXGroup;
			children = (
				7EF8BCED1D026D5D004D43B8 /* AppDelegate.swift */,
				7EF8BCF11D026D5D004D43B8 /* Main.storyboard */,
				7EF8BCFF1D026EF8004D43B8 /* TableViewController.swift */,
				7E835E6A1D384A9B002A260B /* TipCalculatorViewController.swift */,
				7EF8BCF41D026D5D004D43B8 /* Assets.xcassets */,
				7EF8BCF61D026D5D004D43B8 /* LaunchScreen.storyboard */,
				7EF8BCF91D026D5D004D43B8 /* Info.plist */,
				7E835E6E1D3D992B002A260B /* Images.xcassets */,
				7E835E741D3DC10D002A260B /* Images */,
			);
			path = "hide static cells";
			sourceTree = "<group>";
		};
/* End PBXGroup section */

/* Begin PBXNativeTarget section */
		7EF8BCE91D026D5D004D43B8 /* TipsC */ = {
			isa = PBXNativeTarget;
			buildConfigurationList = 7EF8BCFC1D026D5D004D43B8 /* Build configuration list for PBXNativeTarget "TipsC" */;
			buildPhases = (
				7EF8BCE61D026D5D004D43B8 /* Sources */,
				7EF8BCE71D026D5D004D43B8 /* Frameworks */,
				7EF8BCE81D026D5D004D43B8 /* Resources */,
			);
			buildRules = (
			);
			dependencies = (
			);
			name = TipsC;
			productName = "hide static cells";
			productReference = 7EF8BCEA1D026D5D004D43B8 /* TipsC.app */;
			productType = "com.apple.product-type.application";
		};
/* End PBXNativeTarget section */

/* Begin PBXProject section */
		7EF8BCE21D026D5D004D43B8 /* Project object */ = {
			isa = PBXProject;
			attributes = {
				LastSwiftUpdateCheck = 0730;
				LastUpgradeCheck = 0730;
				ORGANIZATIONNAME = "Peini Wo";
				TargetAttributes = {
					7EF8BCE91D026D5D004D43B8 = {
						CreatedOnToolsVersion = 7.3;
					};
				};
			};
			buildConfigurationList = 7EF8BCE51D026D5D004D43B8 /* Build configuration list for PBXProject "hide static cells" */;
			compatibilityVersion = "Xcode 3.2";
			developmentRegion = English;
			hasScannedForEncodings = 0;
			knownRegions = (
				en,
				Base,
			);
			mainGroup = 7EF8BCE11D026D5D004D43B8;
			productRefGroup = 7EF8BCEB1D026D5D004D43B8 /* Products */;
			projectDirPath = "";
			projectRoot = "";
			targets = (
				7EF8BCE91D026D5D004D43B8 /* TipsC */,
			);
		};
/* End PBXProject section */

/* Begin PBXResourcesBuildPhase section */
		7EF8BCE81D026D5D004D43B8 /* Resources */ = {
			isa = PBXResourcesBuildPhase;
			buildActionMask = 2147483647;
			files = (
				7EF8BCF81D026D5D004D43B8 /* LaunchScreen.storyboard in Resources */,
				7E835E761D3ECD3C002A260B /* navbar.png in Resources */,
				7E835E6F1D3D992B002A260B /* Images.xcassets in Resources */,
				7EF8BCF51D026D5D004D43B8 /* Assets.xcassets in Resources */,
				7E835E731D3DC103002A260B /* launch-1.png in Resources */,
				7EF8BCF31D026D5D004D43B8 /* Main.storyboard in Resources */,
			);
			runOnlyForDeploymentPostprocessing = 0;
		};
/* End PBXResourcesBuildPhase section */

/* Begin PBXSourcesBuildPhase section */
		7EF8BCE61D026D5D004D43B8 /* Sources */ = {
			isa = PBXSourcesBuildPhase;
			buildActionMask = 2147483647;
			files = (
				7EF8BCEE1D026D5D004D43B8 /* AppDelegate.swift in Sources */,
				7E835E6B1D384A9B002A260B /* TipCalculatorViewController.swift in Sources */,
				7EF8BD001D026EF8004D43B8 /* TableViewController.swift in Sources */,
			);
			runOnlyForDeploymentPostprocessing = 0;
		};
/* End PBXSourcesBuildPhase section */

/* Begin PBXVariantGroup section */
		7EF8BCF11D026D5D004D43B8 /* Main.storyboard */ = {
			isa = PBXVariantGroup;
			children = (
				7EF8BCF21D026D5D004D43B8 /* Base */,
			);
			name = Main.storyboard;
			sourceTree = "<group>";
		};
		7EF8BCF61D026D5D004D43B8 /* LaunchScreen.storyboard */ = {
			isa = PBXVariantGroup;
			children = (
				7EF8BCF71D026D5D004D43B8 /* Base */,
			);
			name = LaunchScreen.storyboard;
			sourceTree = "<group>";
		};
/* End PBXVariantGroup section */

/* Begin XCBuildConfiguration section */
		7EF8BCFA1D026D5D004D43B8 /* Debug */ = {
			isa = XCBuildConfiguration;
			buildSettings = {
				ALWAYS_SEARCH_USER_PATHS = NO;
				CLANG_ANALYZER_NONNULL = YES;
				CLANG_CXX_LANGUAGE_STANDARD = "gnu++0x";
				CLANG_CXX_LIBRARY = "libc++";
				CLANG_ENABLE_MODULES = YES;
				CLANG_ENABLE_OBJC_ARC = YES;
				CLANG_WARN_BOOL_CONVERSION = YES;
				CLANG_WARN_CONSTANT_CONVERSION = YES;
				CLANG_WARN_DIRECT_OBJC_ISA_USAGE = YES_ERROR;
				CLANG_WARN_EMPTY_BODY = YES;
				CLANG_WARN_ENUM_CONVERSION = YES;
				CLANG_WARN_INT_CONVERSION = YES;
				CLANG_WARN_OBJC_ROOT_CLASS = YES_ERROR;
				CLANG_WARN_UNREACHABLE_CODE = YES;
				CLANG_WARN__DUPLICATE_METHOD_MATCH = YES;
				"CODE_SIGN_IDENTITY[sdk=iphoneos*]" = "iPhone Developer";
				COPY_PHASE_STRIP = NO;
				DEBUG_INFORMATION_FORMAT = dwarf;
				ENABLE_STRICT_OBJC_MSGSEND = YES;
				ENABLE_TESTABILITY = YES;
				GCC_C_LANGUAGE_STANDARD = gnu99;
				GCC_DYNAMIC_NO_PIC = NO;
				GCC_NO_COMMON_BLOCKS = YES;
				GCC_OPTIMIZATION_LEVEL = 0;
				GCC_PREPROCESSOR_DEFINITIONS = (
					"DEBUG=1",
					"$(inherited)",
				);
				GCC_WARN_64_TO_32_BIT_CONVERSION = YES;
				GCC_WARN_ABOUT_RETURN_TYPE = YES_ERROR;
				GCC_WARN_UNDECLARED_SELECTOR = YES;
				GCC_WARN_UNINITIALIZED_AUTOS = YES_AGGRESSIVE;
				GCC_WARN_UNUSED_FUNCTION = YES;
				GCC_WARN_UNUSED_VARIABLE = YES;
				IPHONEOS_DEPLOYMENT_TARGET = 9.3;
				MTL_ENABLE_DEBUG_INFO = YES;
				ONLY_ACTIVE_ARCH = YES;
				SDKROOT = iphoneos;
				SWIFT_OPTIMIZATION_LEVEL = "-Onone";
			};
			name = Debug;
		};
		7EF8BCFB1D026D5D004D43B8 /* Release */ = {
			isa = XCBuildConfiguration;
			buildSettings = {
				ALWAYS_SEARCH_USER_PATHS = NO;
				CLANG_ANALYZER_NONNULL = YES;
				CLANG_CXX_LANGUAGE_STANDARD = "gnu++0x";
				CLANG_CXX_LIBRARY = "libc++";
				CLANG_ENABLE_MODULES = YES;
				CLANG_ENABLE_OBJC_ARC = YES;
				CLANG_WARN_BOOL_CONVERSION = YES;
				CLANG_WARN_CONSTANT_CONVERSION = YES;
				CLANG_WARN_DIRECT_OBJC_ISA_USAGE = YES_ERROR;
				CLANG_WARN_EMPTY_BODY = YES;
				CLANG_WARN_ENUM_CONVERSION = YES;
				CLANG_WARN_INT_CONVERSION = YES;
				CLANG_WARN_OBJC_ROOT_CLASS = YES_ERROR;
				CLANG_WARN_UNREACHABLE_CODE = YES;
				CLANG_WARN__DUPLICATE_METHOD_MATCH = YES;
				"CODE_SIGN_IDENTITY[sdk=iphoneos*]" = "iPhone Developer";
				COPY_PHASE_STRIP = NO;
				DEBUG_INFORMATION_FORMAT = "dwarf-with-dsym";
				ENABLE_NS_ASSERTIONS = NO;
				ENABLE_STRICT_OBJC_MSGSEND = YES;
				GCC_C_LANGUAGE_STANDARD = gnu99;
				GCC_NO_COMMON_BLOCKS = YES;
				GCC_WARN_64_TO_32_BIT_CONVERSION = YES;
				GCC_WARN_ABOUT_RETURN_TYPE = YES_ERROR;
				GCC_WARN_UNDECLARED_SELECTOR = YES;
				GCC_WARN_UNINITIALIZED_AUTOS = YES_AGGRESSIVE;
				GCC_WARN_UNUSED_FUNCTION = YES;
				GCC_WARN_UNUSED_VARIABLE = YES;
				IPHONEOS_DEPLOYMENT_TARGET = 9.3;
				MTL_ENABLE_DEBUG_INFO = NO;
				SDKROOT = iphoneos;
				VALIDATE_PRODUCT = YES;
			};
			name = Release;
		};
		7EF8BCFD1D026D5D004D43B8 /* Debug */ = {
			isa = XCBuildConfiguration;
			buildSettings = {
				ASSETCATALOG_COMPILER_APPICON_NAME = AppIcon;
				ASSETCATALOG_COMPILER_LAUNCHIMAGE_NAME = LaunchImage;
				INFOPLIST_FILE = "hide static cells/Info.plist";
				LD_RUNPATH_SEARCH_PATHS = "$(inherited) @executable_path/Frameworks";
				PRODUCT_BUNDLE_IDENTIFIER = "peiniwo.com.hide-static-cells";
				PRODUCT_NAME = "$(TARGET_NAME)";
			};
			name = Debug;
		};
		7EF8BCFE1D026D5D004D43B8 /* Release */ = {
			isa = XCBuildConfiguration;
			buildSettings = {
				ASSETCATALOG_COMPILER_APPICON_NAME = AppIcon;
				ASSETCATALOG_COMPILER_LAUNCHIMAGE_NAME = LaunchImage;
				INFOPLIST_FILE = "hide static cells/Info.plist";
				LD_RUNPATH_SEARCH_PATHS = "$(inherited) @executable_path/Frameworks";
				PRODUCT_BUNDLE_IDENTIFIER = "peiniwo.com.hide-static-cells";
				PRODUCT_NAME = "$(TARGET_NAME)";
			};
			name = Release;
		};
/* End XCBuildConfiguration section */

/* Begin XCConfigurationList section */
		7EF8BCE51D026D5D004D43B8 /* Build configuration list for PBXProject "hide static cells" */ = {
			isa = XCConfigurationList;
			buildConfigurations = (
				7EF8BCFA1D026D5D004D43B8 /* Debug */,
				7EF8BCFB1D026D5D004D43B8 /* Release */,
			);
			defaultConfigurationIsVisible = 0;
			defaultConfigurationName = Release;
		};
		7EF8BCFC1D026D5D004D43B8 /* Build configuration list for PBXNativeTarget "TipsC" */ = {
			isa = XCConfigurationList;
			buildConfigurations = (
				7EF8BCFD1D026D5D004D43B8 /* Debug */,
				7EF8BCFE1D026D5D004D43B8 /* Release */,
			);
			defaultConfigurationIsVisible = 0;
			defaultConfigurationName = Release;
		};
/* End XCConfigurationList section */
	};
	rootObject = 7EF8BCE21D026D5D004D43B8 /* Project object */;
}
